{
  "name": "openvdm",
  "version": "2.12.0",
  "lockfileVersion": 2,
  "requires": true,
  "packages": {
    "": {
      "name": "openvdm",
      "version": "2.12.0",
      "license": "MIT",
      "dependencies": {
        "@vectorial1024/leaflet-color-markers": "^2.0.4",
        "bootstrap": "^3.4.1",
        "chart.js": "~3.7.1",
        "chartjs-adapter-luxon": "^1.3.1",
        "chartjs-plugin-zoom": "^2.2.0",
        "datatables": "^1.10.18",
        "datatables-responsive": "^1.0.7",
        "eonasdan-bootstrap-datetimepicker": "^4.17.49",
        "font-awesome": "^4.7.0",
        "ionicons": "^2.0.1",
        "jquery": "^3.7.1",
        "js-cookie": "^2.2.1",
        "leaflet": "^1.9.4",
        "leaflet-easyprint": "^2.1.9",
        "leaflet-fullscreen": "^1.0.2",
        "leaflet-timedimension": "^1.1.1",
        "list.js": "^2.3.1",
        "luxon": "^3.6.0",
        "metismenu": "^1.1.3"
      }
    },
    "node_modules/@types/hammerjs": {
      "version": "2.0.46",
      "resolved": "https://registry.npmjs.org/@types/hammerjs/-/hammerjs-2.0.46.tgz",
      "integrity": "sha512-ynRvcq6wvqexJ9brDMS4BnBLzmr0e14d6ZJTEShTBWKymQiHwlAyGu0ZPEFI2Fh1U53F7tN9ufClWM5KvqkKOw=="
    },
    "node_modules/@vectorial1024/leaflet-color-markers": {
      "version": "2.0.4",
      "resolved": "https://registry.npmjs.org/@vectorial1024/leaflet-color-markers/-/leaflet-color-markers-2.0.4.tgz",
      "integrity": "sha512-lAYvIG/FXMQjNR7SjN0uGowpGkEwJobrmnUUH4q/ViRyhw/3n1K03a2GW0TTgLpi2OVLOFJfVJz4j+NZeXYj5A==",
      "peerDependencies": {
        "leaflet": "^1.0.0"
      }
    },
    "node_modules/bootstrap": {
      "version": "3.4.1",
      "resolved": "https://registry.npmjs.org/bootstrap/-/bootstrap-3.4.1.tgz",
      "integrity": "sha512-yN5oZVmRCwe5aKwzRj6736nSmKDX7pLYwsXiCj/EYmo16hODaBiT4En5btW/jhBF/seV+XMx3aYwukYC3A49DA==",
      "engines": {
        "node": ">=6"
      }
    },
    "node_modules/chart.js": {
      "version": "3.7.1",
      "resolved": "https://registry.npmjs.org/chart.js/-/chart.js-3.7.1.tgz",
      "integrity": "sha512-8knRegQLFnPQAheZV8MjxIXc5gQEfDFD897BJgv/klO/vtIyFFmgMXrNfgrXpbTr/XbTturxRgxIXx/Y+ASJBA=="
    },
    "node_modules/chartjs-adapter-luxon": {
      "version": "1.3.1",
      "resolved": "https://registry.npmjs.org/chartjs-adapter-luxon/-/chartjs-adapter-luxon-1.3.1.tgz",
      "integrity": "sha512-yxHov3X8y+reIibl1o+j18xzrcdddCLqsXhriV2+aQ4hCR66IYFchlRXUvrJVoxglJ380pgytU7YWtoqdIgqhg==",
      "peerDependencies": {
        "chart.js": ">=3.0.0",
        "luxon": ">=1.0.0"
      }
    },
    "node_modules/chartjs-plugin-zoom": {
      "version": "2.2.0",
      "resolved": "https://registry.npmjs.org/chartjs-plugin-zoom/-/chartjs-plugin-zoom-2.2.0.tgz",
      "integrity": "sha512-in6kcdiTlP6npIVLMd4zXZ08PDUXC52gZ4FAy5oyjk1zX3gKarXMAof7B9eFiisf9WOC3bh2saHg+J5WtLXZeA==",
      "dependencies": {
        "@types/hammerjs": "^2.0.45",
        "hammerjs": "^2.0.8"
      },
      "peerDependencies": {
        "chart.js": ">=3.2.0"
      }
    },
    "node_modules/datatables": {
      "version": "1.10.18",
      "resolved": "https://registry.npmjs.org/datatables/-/datatables-1.10.18.tgz",
      "integrity": "sha512-ntatMgS9NN6UMpwbmO+QkYJuKlVeMA2Mi0Gu/QxyIh+dW7ZjLSDhPT2tWlzjpIWEkDYgieDzS9Nu7bdQCW0sbQ==",
      "dependencies": {
        "jquery": ">=1.7"
      }
    },
    "node_modules/datatables-responsive": {
      "version": "1.0.7",
      "resolved": "https://registry.npmjs.org/datatables-responsive/-/datatables-responsive-1.0.7.tgz",
      "integrity": "sha512-xp9jKu7QRkaJl/E50T2v5/U40vjyXLMa0PUjkb4wH9VjHUApG57i7HwCSdx7FMA9rTjIiDTPK3r3/mh1+fGdOw==",
      "dependencies": {
        "datatables": ">=1.10.1",
        "jquery": ">=1.7.0"
      }
    },
    "node_modules/dom-to-image": {
      "version": "2.6.0",
      "resolved": "https://registry.npmjs.org/dom-to-image/-/dom-to-image-2.6.0.tgz",
      "integrity": "sha512-Dt0QdaHmLpjURjU7Tnu3AgYSF2LuOmksSGsUcE6ItvJoCWTBEmiMXcqBdNSAm9+QbbwD7JMoVsuuKX6ZVQv1qA=="
    },
    "node_modules/eonasdan-bootstrap-datetimepicker": {
      "version": "4.17.49",
      "resolved": "https://registry.npmjs.org/eonasdan-bootstrap-datetimepicker/-/eonasdan-bootstrap-datetimepicker-4.17.49.tgz",
      "integrity": "sha512-7KZeDpkj+A6AtPR3XjX8gAnRPUkPSfW0OmMANG1dkUOPMtLSzbyoCjDIdEcfRtQPU5X0D9Gob7wWKn0h4QWy7A==",
      "dependencies": {
        "bootstrap": "^3.3",
        "jquery": "^3.5.1",
        "moment": "^2.10",
        "moment-timezone": "^0.4.0"
      },
      "peerDependencies": {
        "bootstrap": "^3.3",
        "jquery": "^1.8.3 || ^2.0 || ^3.0",
        "moment": "^2.10",
        "moment-timezone": "^0.4.0 || ^0.5.0"
      }
    },
    "node_modules/file-saver": {
      "version": "1.3.8",
      "resolved": "https://registry.npmjs.org/file-saver/-/file-saver-1.3.8.tgz",
      "integrity": "sha512-spKHSBQIxxS81N/O21WmuXA2F6wppUCsutpzenOeZzOCCJ5gEfcbqJP983IrpLXzYmXnMUa6J03SubcNPdKrlg=="
    },
    "node_modules/font-awesome": {
      "version": "4.7.0",
      "resolved": "https://registry.npmjs.org/font-awesome/-/font-awesome-4.7.0.tgz",
      "integrity": "sha512-U6kGnykA/6bFmg1M/oT9EkFeIYv7JlX3bozwQJWiiLz6L0w3F5vBVPxHlwyX/vtNq1ckcpRKOB9f2Qal/VtFpg==",
      "engines": {
        "node": ">=0.10.3"
      }
    },
    "node_modules/hammerjs": {
      "version": "2.0.8",
      "resolved": "https://registry.npmjs.org/hammerjs/-/hammerjs-2.0.8.tgz",
      "integrity": "sha512-tSQXBXS/MWQOn/RKckawJ61vvsDpCom87JgxiYdGwHdOa0ht0vzUWDlfioofFCRU0L+6NGDt6XzbgoJvZkMeRQ==",
      "engines": {
        "node": ">=0.8.0"
      }
    },
    "node_modules/ionicons": {
      "version": "2.0.1",
      "resolved": "https://registry.npmjs.org/ionicons/-/ionicons-2.0.1.tgz",
      "integrity": "sha512-ySWjaL3PxB4JFMvr7/02sByWM7TQv1mrvRYFvUwFcVEEHEK/RKEP6MFhcnTmKhoPM6Ih6s5wH003fkVk1wiXLQ=="
    },
    "node_modules/iso8601-js-period": {
      "version": "0.2.1",
      "resolved": "https://registry.npmjs.org/iso8601-js-period/-/iso8601-js-period-0.2.1.tgz",
      "integrity": "sha512-iDyz2TQFBd5WhCZjruOwHj01JkQGu7YbVLCVdpA7lCGEcBzE3ffCPAhLh/M8TAp//kCixPpYN4XU54WHCxvD2Q=="
    },
    "node_modules/jquery": {
      "version": "3.7.1",
      "resolved": "https://registry.npmjs.org/jquery/-/jquery-3.7.1.tgz",
      "integrity": "sha512-m4avr8yL8kmFN8psrbFFFmB/If14iN5o9nw/NgnnM+kybDJpRsAynV2BsfpTYrTRysYUdADVD7CkUUizgkpLfg=="
    },
    "node_modules/js-cookie": {
      "version": "2.2.1",
      "resolved": "https://registry.npmjs.org/js-cookie/-/js-cookie-2.2.1.tgz",
      "integrity": "sha512-HvdH2LzI/EAZcUwA8+0nKNtWHqS+ZmijLA30RwZA0bo7ToCckjK5MkGhjED9KoRcXO6BaGI3I9UIzSA1FKFPOQ=="
    },
    "node_modules/leaflet": {
      "version": "1.9.4",
      "resolved": "https://registry.npmjs.org/leaflet/-/leaflet-1.9.4.tgz",
      "integrity": "sha512-nxS1ynzJOmOlHp+iL3FyWqK89GtNL8U8rvlMOsQdTTssxZwCXh8N2NB3GDQOL+YR3XnWyZAxwQixURb+FA74PA=="
    },
    "node_modules/leaflet-easyprint": {
      "version": "2.1.9",
      "resolved": "https://registry.npmjs.org/leaflet-easyprint/-/leaflet-easyprint-2.1.9.tgz",
      "integrity": "sha512-xf2o7yS7M9H66boQ1/PwGT40+LdGgnszOJY29GMHARqolO47BNjX+jGak4DwJyAHTkYn1jDhYi+W+St/Nu+AMQ==",
      "dependencies": {
        "dom-to-image": "^2.5.2",
        "file-saver": "^1.3.3"
      }
    },
    "node_modules/leaflet-fullscreen": {
      "version": "1.0.2",
      "resolved": "https://registry.npmjs.org/leaflet-fullscreen/-/leaflet-fullscreen-1.0.2.tgz",
      "integrity": "sha512-1Yxm8RZg6KlKX25+hbP2H/wnOAphH7hFcvuADJFb4QZTN7uOSN9Hsci5EZpow8vtNej9OGzu59Jxmn+0qKOO9Q=="
    },
    "node_modules/leaflet-timedimension": {
      "version": "1.1.1",
      "resolved": "https://registry.npmjs.org/leaflet-timedimension/-/leaflet-timedimension-1.1.1.tgz",
      "integrity": "sha512-ejXldN94veRsWka1vpC+4rbH+2+3d3ztn2xYx4jcXtjYDrKC/sNnoqCmyH2UEYIy51PI2851aI2k8uGdOEbhlw==",
      "dependencies": {
        "iso8601-js-period": "^0.2.1",
        "leaflet": "~0.7.4 || ~1"
      }
    },
    "node_modules/list.js": {
      "version": "2.3.1",
      "resolved": "https://registry.npmjs.org/list.js/-/list.js-2.3.1.tgz",
      "integrity": "sha512-jnmm7DYpKtH3DxtO1E2VNCC9Gp7Wrp/FWA2JxQrZUhVJ2RCQBd57pCN6W5w6jpsfWZV0PCAbTX2NOPgyFeeZZg==",
      "dependencies": {
        "string-natural-compare": "^2.0.2"
      },
      "engines": {
        "node": "^6.0 || ^8.0 || ^10.0 || ^12.0 || >=14"
      }
    },
    "node_modules/luxon": {
      "version": "3.6.0",
      "resolved": "https://registry.npmjs.org/luxon/-/luxon-3.6.0.tgz",
      "integrity": "sha512-WE7p0p7W1xji9qxkLYsvcIxZyfP48GuFrWIBQZIsbjCyf65dG1rv4n83HcOyEyhvzxJCrUoObCRNFgRNIQ5KNA==",
      "engines": {
        "node": ">=12"
      }
    },
    "node_modules/metismenu": {
      "version": "1.1.3",
      "resolved": "https://registry.npmjs.org/metismenu/-/metismenu-1.1.3.tgz",
      "integrity": "sha512-dZ4eehennxipRnEaX0zsqwasLZgHdvErzamSfBPYvIJ98mGfmYkf11OiigEqolJFhF/ev+ooWnqjzO+k+mV+eA=="
    },
    "node_modules/moment": {
      "version": "2.30.1",
      "resolved": "https://registry.npmjs.org/moment/-/moment-2.30.1.tgz",
      "integrity": "sha512-uEmtNhbDOrWPFS+hdjFCBfy9f2YoyzRpwcl+DqpC6taX21FzsTLQVbMV/W7PzNSX6x/bhC1zA3c2UQ5NzH6how==",
      "engines": {
        "node": "*"
      }
    },
    "node_modules/moment-timezone": {
      "version": "0.4.1",
      "resolved": "https://registry.npmjs.org/moment-timezone/-/moment-timezone-0.4.1.tgz",
      "integrity": "sha512-5cNPVUwaVJDCe9JM8m/qz17f9SkaI8rpnRUyDJi2K5HAd6EwhuQ3n5nLclZkNC/qJnomKgQH2TIu70Gy2dxFKA==",
      "dependencies": {
        "moment": ">= 2.6.0"
      },
      "engines": {
        "node": "*"
      }
    },
    "node_modules/string-natural-compare": {
      "version": "2.0.3",
      "resolved": "https://registry.npmjs.org/string-natural-compare/-/string-natural-compare-2.0.3.tgz",
      "integrity": "sha512-4Kcl12rNjc+6EKhY8QyDVuQTAlMWwRiNbsxnVwBUKFr7dYPQuXVrtNU4sEkjF9LHY0AY6uVbB3ktbkIH4LC+BQ=="
    }
  },
  "dependencies": {
    "@types/hammerjs": {
      "version": "2.0.46",
      "resolved": "https://registry.npmjs.org/@types/hammerjs/-/hammerjs-2.0.46.tgz",
      "integrity": "sha512-ynRvcq6wvqexJ9brDMS4BnBLzmr0e14d6ZJTEShTBWKymQiHwlAyGu0ZPEFI2Fh1U53F7tN9ufClWM5KvqkKOw=="
    },
    "@vectorial1024/leaflet-color-markers": {
      "version": "2.0.4",
      "resolved": "https://registry.npmjs.org/@vectorial1024/leaflet-color-markers/-/leaflet-color-markers-2.0.4.tgz",
      "integrity": "sha512-lAYvIG/FXMQjNR7SjN0uGowpGkEwJobrmnUUH4q/ViRyhw/3n1K03a2GW0TTgLpi2OVLOFJfVJz4j+NZeXYj5A==",
      "requires": {}
    },
    "bootstrap": {
      "version": "3.4.1",
      "resolved": "https://registry.npmjs.org/bootstrap/-/bootstrap-3.4.1.tgz",
      "integrity": "sha512-yN5oZVmRCwe5aKwzRj6736nSmKDX7pLYwsXiCj/EYmo16hODaBiT4En5btW/jhBF/seV+XMx3aYwukYC3A49DA=="
    },
    "chart.js": {
      "version": "3.7.1",
      "resolved": "https://registry.npmjs.org/chart.js/-/chart.js-3.7.1.tgz",
      "integrity": "sha512-8knRegQLFnPQAheZV8MjxIXc5gQEfDFD897BJgv/klO/vtIyFFmgMXrNfgrXpbTr/XbTturxRgxIXx/Y+ASJBA=="
    },
    "chartjs-adapter-luxon": {
      "version": "1.3.1",
      "resolved": "https://registry.npmjs.org/chartjs-adapter-luxon/-/chartjs-adapter-luxon-1.3.1.tgz",
      "integrity": "sha512-yxHov3X8y+reIibl1o+j18xzrcdddCLqsXhriV2+aQ4hCR66IYFchlRXUvrJVoxglJ380pgytU7YWtoqdIgqhg==",
      "requires": {}
    },
    "chartjs-plugin-zoom": {
      "version": "2.2.0",
      "resolved": "https://registry.npmjs.org/chartjs-plugin-zoom/-/chartjs-plugin-zoom-2.2.0.tgz",
      "integrity": "sha512-in6kcdiTlP6npIVLMd4zXZ08PDUXC52gZ4FAy5oyjk1zX3gKarXMAof7B9eFiisf9WOC3bh2saHg+J5WtLXZeA==",
      "requires": {
        "@types/hammerjs": "^2.0.45",
        "hammerjs": "^2.0.8"
      }
    },
    "datatables": {
      "version": "1.10.18",
      "resolved": "https://registry.npmjs.org/datatables/-/datatables-1.10.18.tgz",
      "integrity": "sha512-ntatMgS9NN6UMpwbmO+QkYJuKlVeMA2Mi0Gu/QxyIh+dW7ZjLSDhPT2tWlzjpIWEkDYgieDzS9Nu7bdQCW0sbQ==",
      "requires": {
        "jquery": ">=1.7"
      }
    },
    "datatables-responsive": {
      "version": "1.0.7",
      "resolved": "https://registry.npmjs.org/datatables-responsive/-/datatables-responsive-1.0.7.tgz",
      "integrity": "sha512-xp9jKu7QRkaJl/E50T2v5/U40vjyXLMa0PUjkb4wH9VjHUApG57i7HwCSdx7FMA9rTjIiDTPK3r3/mh1+fGdOw==",
      "requires": {
        "datatables": ">=1.10.1",
        "jquery": ">=1.7.0"
      }
    },
    "dom-to-image": {
      "version": "2.6.0",
      "resolved": "https://registry.npmjs.org/dom-to-image/-/dom-to-image-2.6.0.tgz",
      "integrity": "sha512-Dt0QdaHmLpjURjU7Tnu3AgYSF2LuOmksSGsUcE6ItvJoCWTBEmiMXcqBdNSAm9+QbbwD7JMoVsuuKX6ZVQv1qA=="
    },
    "eonasdan-bootstrap-datetimepicker": {
      "version": "4.17.49",
      "resolved": "https://registry.npmjs.org/eonasdan-bootstrap-datetimepicker/-/eonasdan-bootstrap-datetimepicker-4.17.49.tgz",
      "integrity": "sha512-7KZeDpkj+A6AtPR3XjX8gAnRPUkPSfW0OmMANG1dkUOPMtLSzbyoCjDIdEcfRtQPU5X0D9Gob7wWKn0h4QWy7A==",
      "requires": {
        "bootstrap": "^3.3",
        "jquery": "^3.5.1",
        "moment": "^2.10",
        "moment-timezone": "^0.4.0"
      }
    },
    "file-saver": {
      "version": "1.3.8",
      "resolved": "https://registry.npmjs.org/file-saver/-/file-saver-1.3.8.tgz",
      "integrity": "sha512-spKHSBQIxxS81N/O21WmuXA2F6wppUCsutpzenOeZzOCCJ5gEfcbqJP983IrpLXzYmXnMUa6J03SubcNPdKrlg=="
    },
    "font-awesome": {
      "version": "4.7.0",
      "resolved": "https://registry.npmjs.org/font-awesome/-/font-awesome-4.7.0.tgz",
      "integrity": "sha512-U6kGnykA/6bFmg1M/oT9EkFeIYv7JlX3bozwQJWiiLz6L0w3F5vBVPxHlwyX/vtNq1ckcpRKOB9f2Qal/VtFpg=="
    },
    "hammerjs": {
      "version": "2.0.8",
      "resolved": "https://registry.npmjs.org/hammerjs/-/hammerjs-2.0.8.tgz",
      "integrity": "sha512-tSQXBXS/MWQOn/RKckawJ61vvsDpCom87JgxiYdGwHdOa0ht0vzUWDlfioofFCRU0L+6NGDt6XzbgoJvZkMeRQ=="
    },
    "ionicons": {
      "version": "2.0.1",
      "resolved": "https://registry.npmjs.org/ionicons/-/ionicons-2.0.1.tgz",
      "integrity": "sha512-ySWjaL3PxB4JFMvr7/02sByWM7TQv1mrvRYFvUwFcVEEHEK/RKEP6MFhcnTmKhoPM6Ih6s5wH003fkVk1wiXLQ=="
    },
    "iso8601-js-period": {
      "version": "0.2.1",
      "resolved": "https://registry.npmjs.org/iso8601-js-period/-/iso8601-js-period-0.2.1.tgz",
      "integrity": "sha512-iDyz2TQFBd5WhCZjruOwHj01JkQGu7YbVLCVdpA7lCGEcBzE3ffCPAhLh/M8TAp//kCixPpYN4XU54WHCxvD2Q=="
    },
    "jquery": {
      "version": "3.7.1",
      "resolved": "https://registry.npmjs.org/jquery/-/jquery-3.7.1.tgz",
      "integrity": "sha512-m4avr8yL8kmFN8psrbFFFmB/If14iN5o9nw/NgnnM+kybDJpRsAynV2BsfpTYrTRysYUdADVD7CkUUizgkpLfg=="
    },
    "js-cookie": {
      "version": "2.2.1",
      "resolved": "https://registry.npmjs.org/js-cookie/-/js-cookie-2.2.1.tgz",
      "integrity": "sha512-HvdH2LzI/EAZcUwA8+0nKNtWHqS+ZmijLA30RwZA0bo7ToCckjK5MkGhjED9KoRcXO6BaGI3I9UIzSA1FKFPOQ=="
    },
    "leaflet": {
      "version": "1.9.4",
      "resolved": "https://registry.npmjs.org/leaflet/-/leaflet-1.9.4.tgz",
      "integrity": "sha512-nxS1ynzJOmOlHp+iL3FyWqK89GtNL8U8rvlMOsQdTTssxZwCXh8N2NB3GDQOL+YR3XnWyZAxwQixURb+FA74PA=="
    },
    "leaflet-easyprint": {
      "version": "2.1.9",
      "resolved": "https://registry.npmjs.org/leaflet-easyprint/-/leaflet-easyprint-2.1.9.tgz",
      "integrity": "sha512-xf2o7yS7M9H66boQ1/PwGT40+LdGgnszOJY29GMHARqolO47BNjX+jGak4DwJyAHTkYn1jDhYi+W+St/Nu+AMQ==",
      "requires": {
        "dom-to-image": "^2.5.2",
        "file-saver": "^1.3.3"
      }
    },
    "leaflet-fullscreen": {
      "version": "1.0.2",
      "resolved": "https://registry.npmjs.org/leaflet-fullscreen/-/leaflet-fullscreen-1.0.2.tgz",
      "integrity": "sha512-1Yxm8RZg6KlKX25+hbP2H/wnOAphH7hFcvuADJFb4QZTN7uOSN9Hsci5EZpow8vtNej9OGzu59Jxmn+0qKOO9Q=="
    },
    "leaflet-timedimension": {
      "version": "1.1.1",
      "resolved": "https://registry.npmjs.org/leaflet-timedimension/-/leaflet-timedimension-1.1.1.tgz",
      "integrity": "sha512-ejXldN94veRsWka1vpC+4rbH+2+3d3ztn2xYx4jcXtjYDrKC/sNnoqCmyH2UEYIy51PI2851aI2k8uGdOEbhlw==",
      "requires": {
        "iso8601-js-period": "^0.2.1",
        "leaflet": "~0.7.4 || ~1"
      }
    },
    "list.js": {
      "version": "2.3.1",
      "resolved": "https://registry.npmjs.org/list.js/-/list.js-2.3.1.tgz",
      "integrity": "sha512-jnmm7DYpKtH3DxtO1E2VNCC9Gp7Wrp/FWA2JxQrZUhVJ2RCQBd57pCN6W5w6jpsfWZV0PCAbTX2NOPgyFeeZZg==",
      "requires": {
        "string-natural-compare": "^2.0.2"
      }
    },
    "luxon": {
      "version": "3.6.0",
      "resolved": "https://registry.npmjs.org/luxon/-/luxon-3.6.0.tgz",
      "integrity": "sha512-WE7p0p7W1xji9qxkLYsvcIxZyfP48GuFrWIBQZIsbjCyf65dG1rv4n83HcOyEyhvzxJCrUoObCRNFgRNIQ5KNA=="
    },
    "metismenu": {
      "version": "1.1.3",
      "resolved": "https://registry.npmjs.org/metismenu/-/metismenu-1.1.3.tgz",
      "integrity": "sha512-dZ4eehennxipRnEaX0zsqwasLZgHdvErzamSfBPYvIJ98mGfmYkf11OiigEqolJFhF/ev+ooWnqjzO+k+mV+eA=="
    },
    "moment": {
      "version": "2.30.1",
      "resolved": "https://registry.npmjs.org/moment/-/moment-2.30.1.tgz",
      "integrity": "sha512-uEmtNhbDOrWPFS+hdjFCBfy9f2YoyzRpwcl+DqpC6taX21FzsTLQVbMV/W7PzNSX6x/bhC1zA3c2UQ5NzH6how=="
    },
    "moment-timezone": {
      "version": "0.4.1",
      "resolved": "https://registry.npmjs.org/moment-timezone/-/moment-timezone-0.4.1.tgz",
      "integrity": "sha512-5cNPVUwaVJDCe9JM8m/qz17f9SkaI8rpnRUyDJi2K5HAd6EwhuQ3n5nLclZkNC/qJnomKgQH2TIu70Gy2dxFKA==",
      "requires": {
        "moment": ">= 2.6.0"
      }
    },
    "string-natural-compare": {
      "version": "2.0.3",
      "resolved": "https://registry.npmjs.org/string-natural-compare/-/string-natural-compare-2.0.3.tgz",
      "integrity": "sha512-4Kcl12rNjc+6EKhY8QyDVuQTAlMWwRiNbsxnVwBUKFr7dYPQuXVrtNU4sEkjF9LHY0AY6uVbB3ktbkIH4LC+BQ=="
    }
  }
}
